// !$*UTF8*$!
{
	archiveVersion = 1;
	classes = {
	};
	objectVersion = 46;
	objects = {

/* Begin PBXBuildFile section */
		7A41A4441BCE5CC600D61B66 /* AppDelegate.swift in Sources */ = {isa = PBXBuildFile; fileRef = 7A41A4431BCE5CC600D61B66 /* AppDelegate.swift */; };
		7A41A4461BCE5CC600D61B66 /* ViewController.swift in Sources */ = {isa = PBXBuildFile; fileRef = 7A41A4451BCE5CC600D61B66 /* ViewController.swift */; };
		7A41A4491BCE5CC600D61B66 /* Main.storyboard in Resources */ = {isa = PBXBuildFile; fileRef = 7A41A4471BCE5CC600D61B66 /* Main.storyboard */; };
		7A41A44B1BCE5CC600D61B66 /* Images.xcassets in Resources */ = {isa = PBXBuildFile; fileRef = 7A41A44A1BCE5CC600D61B66 /* Images.xcassets */; };
		7A41A44E1BCE5CC600D61B66 /* LaunchScreen.xib in Resources */ = {isa = PBXBuildFile; fileRef = 7A41A44C1BCE5CC600D61B66 /* LaunchScreen.xib */; };
		7A41A45A1BCE5CC600D61B66 /* Pitch_PerfectTests.swift in Sources */ = {isa = PBXBuildFile; fileRef = 7A41A4591BCE5CC600D61B66 /* Pitch_PerfectTests.swift */; };
		7A5DC1311C5241E800AB075A /* PlaySoundViewController.swift in Sources */ = {isa = PBXBuildFile; fileRef = 7A5DC1301C5241E800AB075A /* PlaySoundViewController.swift */; };
		7A5DC1331C52488100AB075A /* movie_quote.mp3 in Resources */ = {isa = PBXBuildFile; fileRef = 7A5DC1321C52488100AB075A /* movie_quote.mp3 */; };
/* End PBXBuildFile section */

/* Begin PBXContainerItemProxy section */
		7A41A4541BCE5CC600D61B66 /* PBXContainerItemProxy */ = {
			isa = PBXContainerItemProxy;
			containerPortal = 7A41A4361BCE5CC600D61B66 /* Project object */;
			proxyType = 1;
			remoteGlobalIDString = 7A41A43D1BCE5CC600D61B66;
			remoteInfo = "Pitch Perfect";
		};
/* End PBXContainerItemProxy section */

/* Begin PBXFileReference section */
		7A41A43E1BCE5CC600D61B66 /* Pitch Perfect.app */ = {isa = PBXFileReference; explicitFileType = wrapper.application; includeInIndex = 0; path = "Pitch Perfect.app"; sourceTree = BUILT_PRODUCTS_DIR; };
		7A41A4421BCE5CC600D61B66 /* Info.plist */ = {isa = PBXFileReference; lastKnownFileType = text.plist.xml; path = Info.plist; sourceTree = "<group>"; };
		7A41A4431BCE5CC600D61B66 /* AppDelegate.swift */ = {isa = PBXFileReference; lastKnownFileType = sourcecode.swift; path = AppDelegate.swift; sourceTree = "<group>"; };
		7A41A4451BCE5CC600D61B66 /* ViewController.swift */ = {isa = PBXFileReference; lastKnownFileType = sourcecode.swift; path = ViewController.swift; sourceTree = "<group>"; };
		7A41A4481BCE5CC600D61B66 /* Base */ = {isa = PBXFileReference; lastKnownFileType = file.storyboard; name = Base; path = Base.lproj/Main.storyboard; sourceTree = "<group>"; };
		7A41A44A1BCE5CC600D61B66 /* Images.xcassets */ = {isa = PBXFileReference; lastKnownFileType = folder.assetcatalog; path = Images.xcassets; sourceTree = "<group>"; };
		7A41A44D1BCE5CC600D61B66 /* Base */ = {isa = PBXFileReference; lastKnownFileType = file.xib; name = Base; path = Base.lproj/LaunchScreen.xib; sourceTree = "<group>"; };
		7A41A4531BCE5CC600D61B66 /* Pitch PerfectTests.xctest */ = {isa = PBXFileReference; explicitFileType = wrapper.cfbundle; includeInIndex = 0; path = "Pitch PerfectTests.xctest"; sourceTree = BUILT_PRODUCTS_DIR; };
		7A41A4581BCE5CC600D61B66 /* Info.plist */ = {isa = PBXFileReference; lastKnownFileType = text.plist.xml; path = Info.plist; sourceTree = "<group>"; };
		7A41A4591BCE5CC600D61B66 /* Pitch_PerfectTests.swift */ = {isa = PBXFileReference; lastKnownFileType = sourcecode.swift; path = Pitch_PerfectTests.swift; sourceTree = "<group>"; };
		7A5DC1301C5241E800AB075A /* PlaySoundViewController.swift */ = {isa = PBXFileReference; fileEncoding = 4; lastKnownFileType = sourcecode.swift; path = PlaySoundViewController.swift; sourceTree = "<group>"; };
		7A5DC1321C52488100AB075A /* movie_quote.mp3 */ = {isa = PBXFileReference; lastKnownFileType = audio.mp3; path = movie_quote.mp3; sourceTree = SOURCE_ROOT; };
/* End PBXFileReference section */

/* Begin PBXFrameworksBuildPhase section */
		7A41A43B1BCE5CC600D61B66 /* Frameworks */ = {
			isa = PBXFrameworksBuildPhase;
			buildActionMask = 2147483647;
			files = (
			);
			runOnlyForDeploymentPostprocessing = 0;
		};
		7A41A4501BCE5CC600D61B66 /* Frameworks */ = {
			isa = PBXFrameworksBuildPhase;
			buildActionMask = 2147483647;
			files = (
			);
			runOnlyForDeploymentPostprocessing = 0;
		};
/* End PBXFrameworksBuildPhase section */

/* Begin PBXGroup section */
		7A41A4351BCE5CC600D61B66 = {
			isa = PBXGroup;
			children = (
				7A41A4401BCE5CC600D61B66 /* Pitch Perfect */,
				7A41A4561BCE5CC600D61B66 /* Pitch PerfectTests */,
				7A41A43F1BCE5CC600D61B66 /* Products */,
			);
			sourceTree = "<group>";
		};
		7A41A43F1BCE5CC600D61B66 /* Products */ = {
			isa = PBXGroup;
			children = (
				7A41A43E1BCE5CC600D61B66 /* Pitch Perfect.app */,
				7A41A4531BCE5CC600D61B66 /* Pitch PerfectTests.xctest */,
			);
			name = Products;
			sourceTree = "<group>";
		};
		7A41A4401BCE5CC600D61B66 /* Pitch Perfect */ = {
			isa = PBXGroup;
			children = (
				7A41A4431BCE5CC600D61B66 /* AppDelegate.swift */,
				7A41A4451BCE5CC600D61B66 /* ViewController.swift */,
				7A5DC1301C5241E800AB075A /* PlaySoundViewController.swift */,
				7A41A4471BCE5CC600D61B66 /* Main.storyboard */,
				7A5DC1321C52488100AB075A /* movie_quote.mp3 */,
				7A41A44A1BCE5CC600D61B66 /* Images.xcassets */,
				7A41A44C1BCE5CC600D61B66 /* LaunchScreen.xib */,
				7A41A4411BCE5CC600D61B66 /* Supporting Files */,
			);
			path = "Pitch Perfect";
			sourceTree = "<group>";
		};
		7A41A4411BCE5CC600D61B66 /* Supporting Files */ = {
			isa = PBXGroup;
			children = (
				7A41A4421BCE5CC600D61B66 /* Info.plist */,
			);
			name = "Supporting Files";
			sourceTree = "<group>";
		};
		7A41A4561BCE5CC600D61B66 /* Pitch PerfectTests */ = {
			isa = PBXGroup;
			children = (
				7A41A4591BCE5CC600D61B66 /* Pitch_PerfectTests.swift */,
				7A41A4571BCE5CC600D61B66 /* Supporting Files */,
			);
			path = "Pitch PerfectTests";
			sourceTree = "<group>";
		};
		7A41A4571BCE5CC600D61B66 /* Supporting Files */ = {
			isa = PBXGroup;
			children = (
				7A41A4581BCE5CC600D61B66 /* Info.plist */,
			);
			name = "Supporting Files";
			sourceTree = "<group>";
		};
/* End PBXGroup section */

/* Begin PBXNativeTarget section */
		7A41A43D1BCE5CC600D61B66 /* Pitch Perfect */ = {
			isa = PBXNativeTarget;
			buildConfigurationList = 7A41A45D1BCE5CC600D61B66 /* Build configuration list for PBXNativeTarget "Pitch Perfect" */;
			buildPhases = (
				7A41A43A1BCE5CC600D61B66 /* Sources */,
				7A41A43B1BCE5CC600D61B66 /* Frameworks */,
				7A41A43C1BCE5CC600D61B66 /* Resources */,
			);
			buildRules = (
			);
			dependencies = (
			);
			name = "Pitch Perfect";
			productName = "Pitch Perfect";
			productReference = 7A41A43E1BCE5CC600D61B66 /* Pitch Perfect.app */;
			productType = "com.apple.product-type.application";
		};
		7A41A4521BCE5CC600D61B66 /* Pitch PerfectTests */ = {
			isa = PBXNativeTarget;
			buildConfigurationList = 7A41A4601BCE5CC600D61B66 /* Build configuration list for PBXNativeTarget "Pitch PerfectTests" */;
			buildPhases = (
				7A41A44F1BCE5CC600D61B66 /* Sources */,
				7A41A4501BCE5CC600D61B66 /* Frameworks */,
				7A41A4511BCE5CC600D61B66 /* Resources */,
			);
			buildRules = (
			);
			dependencies = (
				7A41A4551BCE5CC600D61B66 /* PBXTargetDependency */,
			);
			name = "Pitch PerfectTests";
			productName = "Pitch PerfectTests";
			productReference = 7A41A4531BCE5CC600D61B66 /* Pitch PerfectTests.xctest */;
			productType = "com.apple.product-type.bundle.unit-test";
		};
/* End PBXNativeTarget section */

/* Begin PBXProject section */
		7A41A4361BCE5CC600D61B66 /* Project object */ = {
			isa = PBXProject;
			attributes = {
				LastUpgradeCheck = 0640;
				ORGANIZATIONNAME = Federico;
				TargetAttributes = {
					7A41A43D1BCE5CC600D61B66 = {
						CreatedOnToolsVersion = 6.4;
					};
					7A41A4521BCE5CC600D61B66 = {
						CreatedOnToolsVersion = 6.4;
						TestTargetID = 7A41A43D1BCE5CC600D61B66;
					};
				};
			};
			buildConfigurationList = 7A41A4391BCE5CC600D61B66 /* Build configuration list for PBXProject "Pitch Perfect" */;
			compatibilityVersion = "Xcode 3.2";
			developmentRegion = English;
			hasScannedForEncodings = 0;
			knownRegions = (
				en,
				Base,
			);
			mainGroup = 7A41A4351BCE5CC600D61B66;
			productRefGroup = 7A41A43F1BCE5CC600D61B66 /* Products */;
			projectDirPath = "";
			projectRoot = "";
			targets = (
				7A41A43D1BCE5CC600D61B66 /* Pitch Perfect */,
				7A41A4521BCE5CC600D61B66 /* Pitch PerfectTests */,
			);
		};
/* End PBXProject section */

/* Begin PBXResourcesBuildPhase section */
		7A41A43C1BCE5CC600D61B66 /* Resources */ = {
			isa = PBXResourcesBuildPhase;
			buildActionMask = 2147483647;
			files = (
				7A41A4491BCE5CC600D61B66 /* Main.storyboard in Resources */,
				7A41A44E1BCE5CC600D61B66 /* LaunchScreen.xib in Resources */,
				7A5DC1331C52488100AB075A /* movie_quote.mp3 in Resources */,
				7A41A44B1BCE5CC600D61B66 /* Images.xcassets in Resources */,
			);
			runOnlyForDeploymentPostprocessing = 0;
		};
		7A41A4511BCE5CC600D61B66 /* Resources */ = {
			isa = PBXResourcesBuildPhase;
			buildActionMask = 2147483647;
			files = (
			);
			runOnlyForDeploymentPostprocessing = 0;
		};
/* End PBXResourcesBuildPhase section */

/* Begin PBXSourcesBuildPhase section */
		7A41A43A1BCE5CC600D61B66 /* Sources */ = {
			isa = PBXSourcesBuildPhase;
			buildActionMask = 2147483647;
			files = (
				7A41A4461BCE5CC600D61B66 /* ViewController.swift in Sources */,
				7A5DC1311C5241E800AB075A /* PlaySoundViewController.swift in Sources */,
				7A41A4441BCE5CC600D61B66 /* AppDelegate.swift in Sources */,
			);
			runOnlyForDeploymentPostprocessing = 0;
		};
		7A41A44F1BCE5CC600D61B66 /* Sources */ = {
			isa = PBXSourcesBuildPhase;
			buildActionMask = 2147483647;
			files = (
				7A41A45A1BCE5CC600D61B66 /* Pitch_PerfectTests.swift in Sources */,
			);
			runOnlyForDeploymentPostprocessing = 0;
		};
/* End PBXSourcesBuildPhase section */

/* Begin PBXTargetDependency section */
		7A41A4551BCE5CC600D61B66 /* PBXTargetDependency */ = {
			isa = PBXTargetDependency;
			target = 7A41A43D1BCE5CC600D61B66 /* Pitch Perfect */;
			targetProxy = 7A41A4541BCE5CC600D61B66 /* PBXContainerItemProxy */;
		};
/* End PBXTargetDependency section */

/* Begin PBXVariantGroup section */
		7A41A4471BCE5CC600D61B66 /* Main.storyboard */ = {
			isa = PBXVariantGroup;
			children = (
				7A41A4481BCE5CC600D61B66 /* Base */,
			);
			name = Main.storyboard;
			sourceTree = "<group>";
		};
		7A41A44C1BCE5CC600D61B66 /* LaunchScreen.xib */ = {
			isa = PBXVariantGroup;
			children = (
				7A41A44D1BCE5CC600D61B66 /* Base */,
			);
			name = LaunchScreen.xib;
			sourceTree = "<group>";
		};
/* End PBXVariantGroup section */

/* Begin XCBuildConfiguration section */
		7A41A45B1BCE5CC600D61B66 /* Debug */ = {
			isa = XCBuildConfiguration;
			buildSettings = {
				ALWAYS_SEARCH_USER_PATHS = NO;
				CLANG_CXX_LANGUAGE_STANDARD = "gnu++0x";
				CLANG_CXX_LIBRARY = "libc++";
				CLANG_ENABLE_MODULES = YES;
				CLANG_ENABLE_OBJC_ARC = YES;
				CLANG_WARN_BOOL_CONVERSION = YES;
				CLANG_WARN_CONSTANT_CONVERSION = YES;
				CLANG_WARN_DIRECT_OBJC_ISA_USAGE = YES_ERROR;
				CLANG_WARN_EMPTY_BODY = YES;
				CLANG_WARN_ENUM_CONVERSION = YES;
				CLANG_WARN_INT_CONVERSION = YES;
				CLANG_WARN_OBJC_ROOT_CLASS = YES_ERROR;
				CLANG_WARN_UNREACHABLE_CODE = YES;
				CLANG_WARN__DUPLICATE_METHOD_MATCH = YES;
				"CODE_SIGN_IDENTITY[sdk=iphoneos*]" = "iPhone Developer";
				COPY_PHASE_STRIP = NO;
				DEBUG_INFORMATION_FORMAT = "dwarf-with-dsym";
				ENABLE_STRICT_OBJC_MSGSEND = YES;
				GCC_C_LANGUAGE_STANDARD = gnu99;
				GCC_DYNAMIC_NO_PIC = NO;
				GCC_NO_COMMON_BLOCKS = YES;
				GCC_OPTIMIZATION_LEVEL = 0;
				GCC_PREPROCESSOR_DEFINITIONS = (
					"DEBUG=1",
					"$(inherited)",
				);
				GCC_SYMBOLS_PRIVATE_EXTERN = NO;
				GCC_WARN_64_TO_32_BIT_CONVERSION = YES;
				GCC_WARN_ABOUT_RETURN_TYPE = YES_ERROR;
				GCC_WARN_UNDECLARED_SELECTOR = YES;
				GCC_WARN_UNINITIALIZED_AUTOS = YES_AGGRESSIVE;
				GCC_WARN_UNUSED_FUNCTION = YES;
				GCC_WARN_UNUSED_VARIABLE = YES;
				IPHONEOS_DEPLOYMENT_TARGET = 8.4;
				MTL_ENABLE_DEBUG_INFO = YES;
				ONLY_ACTIVE_ARCH = YES;
				SDKROOT = iphoneos;
				SWIFT_OPTIMIZATION_LEVEL = "-Onone";
			};
			name = Debug;
		};
		7A41A45C1BCE5CC600D61B66 /* Release */ = {
			isa = XCBuildConfiguration;
			buildSettings = {
				ALWAYS_SEARCH_USER_PATHS = NO;
				CLANG_CXX_LANGUAGE_STANDARD = "gnu++0x";
				CLANG_CXX_LIBRARY = "libc++";
				CLANG_ENABLE_MODULES = YES;
				CLANG_ENABLE_OBJC_ARC = YES;
				CLANG_WARN_BOOL_CONVERSION = YES;
				CLANG_WARN_CONSTANT_CONVERSION = YES;
				CLANG_WARN_DIRECT_OBJC_ISA_USAGE = YES_ERROR;
				CLANG_WARN_EMPTY_BODY = YES;
				CLANG_WARN_ENUM_CONVERSION = YES;
				CLANG_WARN_INT_CONVERSION = YES;
				CLANG_WARN_OBJC_ROOT_CLASS = YES_ERROR;
				CLANG_WARN_UNREACHABLE_CODE = YES;
				CLANG_WARN__DUPLICATE_METHOD_MATCH = YES;
				"CODE_SIGN_IDENTITY[sdk=iphoneos*]" = "iPhone Developer";
				COPY_PHASE_STRIP = NO;
				DEBUG_INFORMATION_FORMAT = "dwarf-with-dsym";
				ENABLE_NS_ASSERTIONS = NO;
				ENABLE_STRICT_OBJC_MSGSEND = YES;
				GCC_C_LANGUAGE_STANDARD = gnu99;
				GCC_NO_COMMON_BLOCKS = YES;
				GCC_WARN_64_TO_32_BIT_CONVERSION = YES;
				GCC_WARN_ABOUT_RETURN_TYPE = YES_ERROR;
				GCC_WARN_UNDECLARED_SELECTOR = YES;
				GCC_WARN_UNINITIALIZED_AUTOS = YES_AGGRESSIVE;
				GCC_WARN_UNUSED_FUNCTION = YES;
				GCC_WARN_UNUSED_VARIABLE = YES;
				IPHONEOS_DEPLOYMENT_TARGET = 8.4;
				MTL_ENABLE_DEBUG_INFO = NO;
				SDKROOT = iphoneos;
				VALIDATE_PRODUCT = YES;
			};
			name = Release;
		};
		7A41A45E1BCE5CC600D61B66 /* Debug */ = {
			isa = XCBuildConfiguration;
			buildSettings = {
				ASSETCATALOG_COMPILER_APPICON_NAME = AppIcon;
				INFOPLIST_FILE = "Pitch Perfect/Info.plist";
				LD_RUNPATH_SEARCH_PATHS = "$(inherited) @executable_path/Frameworks";
				PRODUCT_NAME = "$(TARGET_NAME)";
			};
			name = Debug;
		};
		7A41A45F1BCE5CC600D61B66 /* Release */ = {
			isa = XCBuildConfiguration;
			buildSettings = {
				ASSETCATALOG_COMPILER_APPICON_NAME = AppIcon;
				INFOPLIST_FILE = "Pitch Perfect/Info.plist";
				LD_RUNPATH_SEARCH_PATHS = "$(inherited) @executable_path/Frameworks";
				PRODUCT_NAME = "$(TARGET_NAME)";
			};
			name = Release;
		};
		7A41A4611BCE5CC600D61B66 /* Debug */ = {
			isa = XCBuildConfiguration;
			buildSettings = {
				BUNDLE_LOADER = "$(TEST_HOST)";
				FRAMEWORK_SEARCH_PATHS = (
					"$(SDKROOT)/Developer/Library/Frameworks",
					"$(inherited)",
				);
				GCC_PREPROCESSOR_DEFINITIONS = (
					"DEBUG=1",
					"$(inherited)",
				);
				INFOPLIST_FILE = "Pitch PerfectTests/Info.plist";
				LD_RUNPATH_SEARCH_PATHS = "$(inherited) @executable_path/Frameworks @loader_path/Frameworks";
				PRODUCT_NAME = "$(TARGET_NAME)";
				TEST_HOST = "$(BUILT_PRODUCTS_DIR)/Pitch Perfect.app/Pitch Perfect";
			};
			name = Debug;
		};
		7A41A4621BCE5CC600D61B66 /* Release */ = {
			isa = XCBuildConfiguration;
			buildSettings = {
				BUNDLE_LOADER = "$(TEST_HOST)";
				FRAMEWORK_SEARCH_PATHS = (
					"$(SDKROOT)/Developer/Library/Frameworks",
					"$(inherited)",
				);
				INFOPLIST_FILE = "Pitch PerfectTests/Info.plist";
				LD_RUNPATH_SEARCH_PATHS = "$(inherited) @executable_path/Frameworks @loader_path/Frameworks";
				PRODUCT_NAME = "$(TARGET_NAME)";
				TEST_HOST = "$(BUILT_PRODUCTS_DIR)/Pitch Perfect.app/Pitch Perfect";
			};
			name = Release;
		};
/* End XCBuildConfiguration section */

/* Begin XCConfigurationList section */
		7A41A4391BCE5CC600D61B66 /* Build configuration list for PBXProject "Pitch Perfect" */ = {
			isa = XCConfigurationList;
			buildConfigurations = (
				7A41A45B1BCE5CC600D61B66 /* Debug */,
				7A41A45C1BCE5CC600D61B66 /* Release */,
			);
			defaultConfigurationIsVisible = 0;
			defaultConfigurationName = Release;
		};
		7A41A45D1BCE5CC600D61B66 /* Build configuration list for PBXNativeTarget "Pitch Perfect" */ = {
			isa = XCConfigurationList;
			buildConfigurations = (
				7A41A45E1BCE5CC600D61B66 /* Debug */,
				7A41A45F1BCE5CC600D61B66 /* Release */,
			);
			defaultConfigurationIsVisible = 0;
			defaultConfigurationName = Release;
		};
		7A41A4601BCE5CC600D61B66 /* Build configuration list for PBXNativeTarget "Pitch PerfectTests" */ = {
			isa = XCConfigurationList;
			buildConfigurations = (
				7A41A4611BCE5CC600D61B66 /* Debug */,
				7A41A4621BCE5CC600D61B66 /* Release */,
			);
			defaultConfigurationIsVisible = 0;
			defaultConfigurationName = Release;
		};
/* End XCConfigurationList section */
	};
	rootObject = 7A41A4361BCE5CC600D61B66 /* Project object */;
}
